
Microsoft Visual Studio Solution File, Format Version 12.00
# Visual Studio Version 16
VisualStudioVersion = 16.0.31729.503
MinimumVisualStudioVersion = 10.0.40219.1
Project("{9A19103F-16F7-4668-BE54-9A1E7A4F7556}") = "ABS", "ABS\ABS.csproj", "{4DEA3537-74C5-43C9-A30E-B72B85386C04}"
EndProject
Project("{FAE04EC0-301F-11D3-BF4B-00C04F79EFBC}") = "AHC008", "AHC008\AHC008.csproj", "{2CCB27DD-9A0C-4A93-B49D-1FDDB700EF33}"
EndProject
Global
	GlobalSection(SolutionConfigurationPlatforms) = preSolution
		Debug|Any CPU = Debug|Any CPU
		Release|Any CPU = Release|Any CPU
	EndGlobalSection
	GlobalSection(ProjectConfigurationPlatforms) = postSolution
		{4DEA3537-74C5-43C9-A30E-B72B85386C04}.Debug|Any CPU.ActiveCfg = Debug|Any CPU
		{4DEA3537-74C5-43C9-A30E-B72B85386C04}.Debug|Any CPU.Build.0 = Debug|Any CPU
		{4DEA3537-74C5-43C9-A30E-B72B85386C04}.Release|Any CPU.ActiveCfg = Release|Any CPU
		{4DEA3537-74C5-43C9-A30E-B72B85386C04}.Release|Any CPU.Build.0 = Release|Any CPU
		{2CCB27DD-9A0C-4A93-B49D-1FDDB700EF33}.Debug|Any CPU.ActiveCfg = Debug|Any CPU
		{2CCB27DD-9A0C-4A93-B49D-1FDDB700EF33}.Debug|Any CPU.Build.0 = Debug|Any CPU
		{2CCB27DD-9A0C-4A93-B49D-1FDDB700EF33}.Release|Any CPU.ActiveCfg = Release|Any CPU
		{2CCB27DD-9A0C-4A93-B49D-1FDDB700EF33}.Release|Any CPU.Build.0 = Release|Any CPU
	EndGlobalSection
	GlobalSection(SolutionProperties) = preSolution
		HideSolutionNode = FALSE
	EndGlobalSection
	GlobalSection(ExtensibilityGlobals) = postSolution
		SolutionGuid = {2995232D-B85A-4156-B5F5-48249CFF495E}
	EndGlobalSection
EndGlobal
